// !$*UTF8*$!
{
	archiveVersion = 1;
	classes = {
	};
	objectVersion = 50;
	objects = {

/* Begin PBXBuildFile section */
		6EBBF0F92791DBC6003433C1 /* AppDelegate.swift in Sources */ = {isa = PBXBuildFile; fileRef = 6EBBF0F82791DBC6003433C1 /* AppDelegate.swift */; };
		6EBBF0FB2791DBC6003433C1 /* SceneDelegate.swift in Sources */ = {isa = PBXBuildFile; fileRef = 6EBBF0FA2791DBC6003433C1 /* SceneDelegate.swift */; };
		6EBBF0FD2791DBC6003433C1 /* ViewController.swift in Sources */ = {isa = PBXBuildFile; fileRef = 6EBBF0FC2791DBC6003433C1 /* ViewController.swift */; };
		6EBBF1002791DBC6003433C1 /* Main.storyboard in Resources */ = {isa = PBXBuildFile; fileRef = 6EBBF0FE2791DBC6003433C1 /* Main.storyboard */; };
		6EBBF1022791DBC9003433C1 /* Assets.xcassets in Resources */ = {isa = PBXBuildFile; fileRef = 6EBBF1012791DBC9003433C1 /* Assets.xcassets */; };
		6EBBF1052791DBC9003433C1 /* LaunchScreen.storyboard in Resources */ = {isa = PBXBuildFile; fileRef = 6EBBF1032791DBC9003433C1 /* LaunchScreen.storyboard */; };
/* End PBXBuildFile section */

/* Begin PBXFileReference section */
		6EBBF0F52791DBC6003433C1 /* DoRe.app */ = {isa = PBXFileReference; explicitFileType = wrapper.application; includeInIndex = 0; path = DoRe.app; sourceTree = BUILT_PRODUCTS_DIR; };
		6EBBF0F82791DBC6003433C1 /* AppDelegate.swift */ = {isa = PBXFileReference; lastKnownFileType = sourcecode.swift; path = AppDelegate.swift; sourceTree = "<group>"; };
		6EBBF0FA2791DBC6003433C1 /* SceneDelegate.swift */ = {isa = PBXFileReference; lastKnownFileType = sourcecode.swift; path = SceneDelegate.swift; sourceTree = "<group>"; };
		6EBBF0FC2791DBC6003433C1 /* ViewController.swift */ = {isa = PBXFileReference; lastKnownFileType = sourcecode.swift; path = ViewController.swift; sourceTree = "<group>"; };
		6EBBF0FF2791DBC6003433C1 /* Base */ = {isa = PBXFileReference; lastKnownFileType = file.storyboard; name = Base; path = Base.lproj/Main.storyboard; sourceTree = "<group>"; };
		6EBBF1012791DBC9003433C1 /* Assets.xcassets */ = {isa = PBXFileReference; lastKnownFileType = folder.assetcatalog; path = Assets.xcassets; sourceTree = "<group>"; };
		6EBBF1042791DBC9003433C1 /* Base */ = {isa = PBXFileReference; lastKnownFileType = file.storyboard; name = Base; path = Base.lproj/LaunchScreen.storyboard; sourceTree = "<group>"; };
		6EBBF1062791DBC9003433C1 /* Info.plist */ = {isa = PBXFileReference; lastKnownFileType = text.plist.xml; path = Info.plist; sourceTree = "<group>"; };
/* End PBXFileReference section */

/* Begin PBXFrameworksBuildPhase section */
		6EBBF0F22791DBC6003433C1 /* Frameworks */ = {
			isa = PBXFrameworksBuildPhase;
			buildActionMask = 2147483647;
			files = (
			);
			runOnlyForDeploymentPostprocessing = 0;
		};
/* End PBXFrameworksBuildPhase section */

/* Begin PBXGroup section */
		6EBBF0EC2791DBC6003433C1 = {
			isa = PBXGroup;
			children = (
				6EBBF0F72791DBC6003433C1 /* DoRe */,
				6EBBF0F62791DBC6003433C1 /* Products */,
			);
			sourceTree = "<group>";
		};
		6EBBF0F62791DBC6003433C1 /* Products */ = {
			isa = PBXGroup;
			children = (
				6EBBF0F52791DBC6003433C1 /* DoRe.app */,
			);
			name = Products;
			sourceTree = "<group>";
		};
		6EBBF0F72791DBC6003433C1 /* DoRe */ = {
			isa = PBXGroup;
			children = (
				6EBBF0F82791DBC6003433C1 /* AppDelegate.swift */,
				6EBBF0FA2791DBC6003433C1 /* SceneDelegate.swift */,
				6EBBF0FC2791DBC6003433C1 /* ViewController.swift */,
				6EBBF0FE2791DBC6003433C1 /* Main.storyboard */,
				6EBBF1012791DBC9003433C1 /* Assets.xcassets */,
				6EBBF1032791DBC9003433C1 /* LaunchScreen.storyboard */,
				6EBBF1062791DBC9003433C1 /* Info.plist */,
			);
			path = DoRe;
			sourceTree = "<group>";
		};
/* End PBXGroup section */

/* Begin PBXNativeTarget section */
		6EBBF0F42791DBC6003433C1 /* DoRe */ = {
			isa = PBXNativeTarget;
			buildConfigurationList = 6EBBF1092791DBC9003433C1 /* Build configuration list for PBXNativeTarget "DoRe" */;
			buildPhases = (
				6EBBF0F12791DBC6003433C1 /* Sources */,
				6EBBF0F22791DBC6003433C1 /* Frameworks */,
				6EBBF0F32791DBC6003433C1 /* Resources */,
			);
			buildRules = (
			);
			dependencies = (
			);
			name = DoRe;
			productName = DoRe;
			productReference = 6EBBF0F52791DBC6003433C1 /* DoRe.app */;
			productType = "com.apple.product-type.application";
		};
/* End PBXNativeTarget section */

/* Begin PBXProject section */
		6EBBF0ED2791DBC6003433C1 /* Project object */ = {
			isa = PBXProject;
			attributes = {
				LastSwiftUpdateCheck = 1250;
				LastUpgradeCheck = 1250;
				TargetAttributes = {
					6EBBF0F42791DBC6003433C1 = {
						CreatedOnToolsVersion = 12.5.1;
					};
				};
			};
			buildConfigurationList = 6EBBF0F02791DBC6003433C1 /* Build configuration list for PBXProject "DoRe" */;
			compatibilityVersion = "Xcode 9.3";
			developmentRegion = en;
			hasScannedForEncodings = 0;
			knownRegions = (
				en,
				Base,
			);
			mainGroup = 6EBBF0EC2791DBC6003433C1;
			productRefGroup = 6EBBF0F62791DBC6003433C1 /* Products */;
			projectDirPath = "";
			projectRoot = "";
			targets = (
				6EBBF0F42791DBC6003433C1 /* DoRe */,
			);
		};
/* End PBXProject section */

/* Begin PBXResourcesBuildPhase section */
		6EBBF0F32791DBC6003433C1 /* Resources */ = {
			isa = PBXResourcesBuildPhase;
			buildActionMask = 2147483647;
			files = (
				6EBBF1052791DBC9003433C1 /* LaunchScreen.storyboard in Resources */,
				6EBBF1022791DBC9003433C1 /* Assets.xcassets in Resources */,
				6EBBF1002791DBC6003433C1 /* Main.storyboard in Resources */,
			);
			runOnlyForDeploymentPostprocessing = 0;
		};
/* End PBXResourcesBuildPhase section */

/* Begin PBXSourcesBuildPhase section */
		6EBBF0F12791DBC6003433C1 /* Sources */ = {
			isa = PBXSourcesBuildPhase;
			buildActionMask = 2147483647;
			files = (
				6EBBF0FD2791DBC6003433C1 /* ViewController.swift in Sources */,
				6EBBF0F92791DBC6003433C1 /* AppDelegate.swift in Sources */,
				6EBBF0FB2791DBC6003433C1 /* SceneDelegate.swift in Sources */,
			);
			runOnlyForDeploymentPostprocessing = 0;
		};
/* End PBXSourcesBuildPhase section */

/* Begin PBXVariantGroup section */
		6EBBF0FE2791DBC6003433C1 /* Main.storyboard */ = {
			isa = PBXVariantGroup;
			children = (
				6EBBF0FF2791DBC6003433C1 /* Base */,
			);
			name = Main.storyboard;
			sourceTree = "<group>";
		};
		6EBBF1032791DBC9003433C1 /* LaunchScreen.storyboard */ = {
			isa = PBXVariantGroup;
			children = (
				6EBBF1042791DBC9003433C1 /* Base */,
			);
			name = LaunchScreen.storyboard;
			sourceTree = "<group>";
		};
/* End PBXVariantGroup section */

/* Begin XCBuildConfiguration section */
		6EBBF1072791DBC9003433C1 /* Debug */ = {
			isa = XCBuildConfiguration;
			buildSettings = {
				ALWAYS_SEARCH_USER_PATHS = NO;
				CLANG_ANALYZER_NONNULL = YES;
				CLANG_ANALYZER_NUMBER_OBJECT_CONVERSION = YES_AGGRESSIVE;
				CLANG_CXX_LANGUAGE_STANDARD = "gnu++14";
				CLANG_CXX_LIBRARY = "libc++";
				CLANG_ENABLE_MODULES = YES;
				CLANG_ENABLE_OBJC_ARC = YES;
				CLANG_ENABLE_OBJC_WEAK = YES;
				CLANG_WARN_BLOCK_CAPTURE_AUTORELEASING = YES;
				CLANG_WARN_BOOL_CONVERSION = YES;
				CLANG_WARN_COMMA = YES;
				CLANG_WARN_CONSTANT_CONVERSION = YES;
				CLANG_WARN_DEPRECATED_OBJC_IMPLEMENTATIONS = YES;
				CLANG_WARN_DIRECT_OBJC_ISA_USAGE = YES_ERROR;
				CLANG_WARN_DOCUMENTATION_COMMENTS = YES;
				CLANG_WARN_EMPTY_BODY = YES;
				CLANG_WARN_ENUM_CONVERSION = YES;
				CLANG_WARN_INFINITE_RECURSION = YES;
				CLANG_WARN_INT_CONVERSION = YES;
				CLANG_WARN_NON_LITERAL_NULL_CONVERSION = YES;
				CLANG_WARN_OBJC_IMPLICIT_RETAIN_SELF = YES;
				CLANG_WARN_OBJC_LITERAL_CONVERSION = YES;
				CLANG_WARN_OBJC_ROOT_CLASS = YES_ERROR;
				CLANG_WARN_QUOTED_INCLUDE_IN_FRAMEWORK_HEADER = YES;
				CLANG_WARN_RANGE_LOOP_ANALYSIS = YES;
				CLANG_WARN_STRICT_PROTOTYPES = YES;
				CLANG_WARN_SUSPICIOUS_MOVE = YES;
				CLANG_WARN_UNGUARDED_AVAILABILITY = YES_AGGRESSIVE;
				CLANG_WARN_UNREACHABLE_CODE = YES;
				CLANG_WARN__DUPLICATE_METHOD_MATCH = YES;
				COPY_PHASE_STRIP = NO;
				DEBUG_INFORMATION_FORMAT = dwarf;
				ENABLE_STRICT_OBJC_MSGSEND = YES;
				ENABLE_TESTABILITY = YES;
				GCC_C_LANGUAGE_STANDARD = gnu11;
				GCC_DYNAMIC_NO_PIC = NO;
				GCC_NO_COMMON_BLOCKS = YES;
				GCC_OPTIMIZATION_LEVEL = 0;
				GCC_PREPROCESSOR_DEFINITIONS = (
					"DEBUG=1",
					"$(inherited)",
				);
				GCC_WARN_64_TO_32_BIT_CONVERSION = YES;
				GCC_WARN_ABOUT_RETURN_TYPE = YES_ERROR;
				GCC_WARN_UNDECLARED_SELECTOR = YES;
				GCC_WARN_UNINITIALIZED_AUTOS = YES_AGGRESSIVE;
				GCC_WARN_UNUSED_FUNCTION = YES;
				GCC_WARN_UNUSED_VARIABLE = YES;
				IPHONEOS_DEPLOYMENT_TARGET = 14.5;
				MTL_ENABLE_DEBUG_INFO = INCLUDE_SOURCE;
				MTL_FAST_MATH = YES;
				ONLY_ACTIVE_ARCH = YES;
				SDKROOT = iphoneos;
				SWIFT_ACTIVE_COMPILATION_CONDITIONS = DEBUG;
				SWIFT_OPTIMIZATION_LEVEL = "-Onone";
			};
			name = Debug;
		};
		6EBBF1082791DBC9003433C1 /* Release */ = {
			isa = XCBuildConfiguration;
			buildSettings = {
				ALWAYS_SEARCH_USER_PATHS = NO;
				CLANG_ANALYZER_NONNULL = YES;
				CLANG_ANALYZER_NUMBER_OBJECT_CONVERSION = YES_AGGRESSIVE;
				CLANG_CXX_LANGUAGE_STANDARD = "gnu++14";
				CLANG_CXX_LIBRARY = "libc++";
				CLANG_ENABLE_MODULES = YES;
				CLANG_ENABLE_OBJC_ARC = YES;
				CLANG_ENABLE_OBJC_WEAK = YES;
				CLANG_WARN_BLOCK_CAPTURE_AUTORELEASING = YES;
				CLANG_WARN_BOOL_CONVERSION = YES;
				CLANG_WARN_COMMA = YES;
				CLANG_WARN_CONSTANT_CONVERSION = YES;
				CLANG_WARN_DEPRECATED_OBJC_IMPLEMENTATIONS = YES;
				CLANG_WARN_DIRECT_OBJC_ISA_USAGE = YES_ERROR;
				CLANG_WARN_DOCUMENTATION_COMMENTS = YES;
				CLANG_WARN_EMPTY_BODY = YES;
				CLANG_WARN_ENUM_CONVERSION = YES;
				CLANG_WARN_INFINITE_RECURSION = YES;
				CLANG_WARN_INT_CONVERSION = YES;
				CLANG_WARN_NON_LITERAL_NULL_CONVERSION = YES;
				CLANG_WARN_OBJC_IMPLICIT_RETAIN_SELF = YES;
				CLANG_WARN_OBJC_LITERAL_CONVERSION = YES;
				CLANG_WARN_OBJC_ROOT_CLASS = YES_ERROR;
				CLANG_WARN_QUOTED_INCLUDE_IN_FRAMEWORK_HEADER = YES;
				CLANG_WARN_RANGE_LOOP_ANALYSIS = YES;
				CLANG_WARN_STRICT_PROTOTYPES = YES;
				CLANG_WARN_SUSPICIOUS_MOVE = YES;
				CLANG_WARN_UNGUARDED_AVAILABILITY = YES_AGGRESSIVE;
				CLANG_WARN_UNREACHABLE_CODE = YES;
				CLANG_WARN__DUPLICATE_METHOD_MATCH = YES;
				COPY_PHASE_STRIP = NO;
				DEBUG_INFORMATION_FORMAT = "dwarf-with-dsym";
				ENABLE_NS_ASSERTIONS = NO;
				ENABLE_STRICT_OBJC_MSGSEND = YES;
				GCC_C_LANGUAGE_STANDARD = gnu11;
				GCC_NO_COMMON_BLOCKS = YES;
				GCC_WARN_64_TO_32_BIT_CONVERSION = YES;
				GCC_WARN_ABOUT_RETURN_TYPE = YES_ERROR;
				GCC_WARN_UNDECLARED_SELECTOR = YES;
				GCC_WARN_UNINITIALIZED_AUTOS = YES_AGGRESSIVE;
				GCC_WARN_UNUSED_FUNCTION = YES;
				GCC_WARN_UNUSED_VARIABLE = YES;
				IPHONEOS_DEPLOYMENT_TARGET = 14.5;
				MTL_ENABLE_DEBUG_INFO = NO;
				MTL_FAST_MATH = YES;
				SDKROOT = iphoneos;
				SWIFT_COMPILATION_MODE = wholemodule;
				SWIFT_OPTIMIZATION_LEVEL = "-O";
				VALIDATE_PRODUCT = YES;
			};
			name = Release;
		};
		6EBBF10A2791DBC9003433C1 /* Debug */ = {
			isa = XCBuildConfiguration;
			buildSettings = {
				ASSETCATALOG_COMPILER_APPICON_NAME = AppIcon;
				ASSETCATALOG_COMPILER_GLOBAL_ACCENT_COLOR_NAME = AccentColor;
				CODE_SIGN_STYLE = Automatic;
				DEVELOPMENT_TEAM = RDS43U9JF4;
				INFOPLIST_FILE = DoRe/Info.plist;
				LD_RUNPATH_SEARCH_PATHS = (
					"$(inherited)",
					"@executable_path/Frameworks",
				);
				MARKETING_VERSION = 0.1.0;
				PRODUCT_BUNDLE_IDENTIFIER = com.pngsoft.DoRe;
				PRODUCT_NAME = "$(TARGET_NAME)";
				SWIFT_VERSION = 5.0;
				TARGETED_DEVICE_FAMILY = "1,2";
			};
			name = Debug;
		};
		6EBBF10B2791DBC9003433C1 /* Release */ = {
			isa = XCBuildConfiguration;
			buildSettings = {
				ASSETCATALOG_COMPILER_APPICON_NAME = AppIcon;
				ASSETCATALOG_COMPILER_GLOBAL_ACCENT_COLOR_NAME = AccentColor;
				CODE_SIGN_STYLE = Automatic;
				DEVELOPMENT_TEAM = RDS43U9JF4;
				INFOPLIST_FILE = DoRe/Info.plist;
				LD_RUNPATH_SEARCH_PATHS = (
					"$(inherited)",
					"@executable_path/Frameworks",
				);
				MARKETING_VERSION = 0.1.0;
				PRODUCT_BUNDLE_IDENTIFIER = com.pngsoft.DoRe;
				PRODUCT_NAME = "$(TARGET_NAME)";
				SWIFT_VERSION = 5.0;
				TARGETED_DEVICE_FAMILY = "1,2";
			};
			name = Release;
		};
/* End XCBuildConfiguration section */

/* Begin XCConfigurationList section */
		6EBBF0F02791DBC6003433C1 /* Build configuration list for PBXProject "DoRe" */ = {
			isa = XCConfigurationList;
			buildConfigurations = (
				6EBBF1072791DBC9003433C1 /* Debug */,
				6EBBF1082791DBC9003433C1 /* Release */,
			);
			defaultConfigurationIsVisible = 0;
			defaultConfigurationName = Release;
		};
		6EBBF1092791DBC9003433C1 /* Build configuration list for PBXNativeTarget "DoRe" */ = {
			isa = XCConfigurationList;
			buildConfigurations = (
				6EBBF10A2791DBC9003433C1 /* Debug */,
				6EBBF10B2791DBC9003433C1 /* Release */,
			);
			defaultConfigurationIsVisible = 0;
			defaultConfigurationName = Release;
		};
/* End XCConfigurationList section */
	};
	rootObject = 6EBBF0ED2791DBC6003433C1 /* Project object */;
}
